{
  "name": "lookview-examples",
  "version": "0.1.0",
  "lockfileVersion": 1,
  "requires": true,
  "dependencies": {
    "@yelloxing/core.js": {
      "version": "0.3.7",
      "resolved": "https://registry.npmjs.org/@yelloxing/core.js/-/core.js-0.3.7.tgz",
      "integrity": "sha512-E7cVTFSfCqGsxGT1XUne8hjNeHFYPVwfjTsfHrtdPAnJD6zdRPfozaeJ5JT/42YwUR2ei2iy4BDNIBLpaT2AJw=="
    },
    "image2d": {
      "version": "1.10.0",
      "resolved": "https://registry.npmjs.org/image2d/-/image2d-1.10.0.tgz",
      "integrity": "sha512-8hI9b1y3OH8laUHuq7+U27Eiw+TVXxco9DiYmvAf3YTFcF8SvxQo6xWEdzgmMmLB+bLbtPOesHBV8L3S2qlUHQ==",
      "requires": {
        "@yelloxing/core.js": "^0.3.7"
      }
    },
    "lookview": {
      "version": "2.0.9-beta",
      "resolved": "https://registry.npmjs.org/lookview/-/lookview-2.0.9-beta.tgz",
      "integrity": "sha512-vZxkbf2p7gM+fArhbUszml3fANRVVxilfkDPK5kcHpRZyINWor7riFLFi1iJM9J8HPVRa9t5m8fmDjcCqfJ+2w==",
      "requires": {
        "@yelloxing/core.js": "^0.3.7",
        "image2d": "1.10.0"
      }
    }
  }
}
